
Microsoft Visual Studio Solution File, Format Version 12.00
# Visual Studio Version 17
VisualStudioVersion = 17.0.31903.59
MinimumVisualStudioVersion = 10.0.40219.1
Project("{2150E333-8FDC-42A3-9474-1A3956D46DE8}") = "src", "src", "{827E0CD3-B72D-47B6-A68D-7590B98EB39B}"
EndProject
Project("{FAE04EC0-301F-11D3-BF4B-00C04F79EFBC}") = "ApiRndc.Domain", "src\ApiRndc.Domain\ApiRndc.Domain.csproj", "{FC1FE780-431A-4FA9-BD87-26A3A05A6FC9}"
EndProject
Project("{FAE04EC0-301F-11D3-BF4B-00C04F79EFBC}") = "ApiRndc.Application", "src\ApiRndc.Application\ApiRndc.Application.csproj", "{D932E458-F0C5-4495-BDAF-08CDD93E593A}"
EndProject
Project("{FAE04EC0-301F-11D3-BF4B-00C04F79EFBC}") = "ApiRndc.Infrastructure", "src\ApiRndc.Infrastructure\ApiRndc.Infrastructure.csproj", "{314691BB-044F-4627-B924-9190A4D00422}"
EndProject
Project("{FAE04EC0-301F-11D3-BF4B-00C04F79EFBC}") = "ApiRndc.Shared", "src\ApiRndc.Shared\ApiRndc.Shared.csproj", "{871428EC-5F8E-426A-AFCC-F9BF504ADEEF}"
EndProject
Project("{FAE04EC0-301F-11D3-BF4B-00C04F79EFBC}") = "ApiRndc.Web", "src\ApiRndc.Web\ApiRndc.Web.csproj", "{0083ABA5-7C9D-43BE-B048-006E8A7EB368}"
EndProject
Project("{2150E333-8FDC-42A3-9474-1A3956D46DE8}") = "tests", "tests", "{0AB3BF05-4346-4AA6-1389-037BE0695223}"
EndProject
Project("{FAE04EC0-301F-11D3-BF4B-00C04F79EFBC}") = "ApiRndc.UnitTests", "tests\ApiRndc.UnitTests\ApiRndc.UnitTests.csproj", "{F7AE70E4-A71D-4C6A-9B13-2890BEBC058C}"
EndProject
Global
	GlobalSection(SolutionConfigurationPlatforms) = preSolution
		Debug|Any CPU = Debug|Any CPU
		Debug|x64 = Debug|x64
		Debug|x86 = Debug|x86
		Release|Any CPU = Release|Any CPU
		Release|x64 = Release|x64
		Release|x86 = Release|x86
	EndGlobalSection
	GlobalSection(ProjectConfigurationPlatforms) = postSolution
		{FC1FE780-431A-4FA9-BD87-26A3A05A6FC9}.Debug|Any CPU.ActiveCfg = Debug|Any CPU
		{FC1FE780-431A-4FA9-BD87-26A3A05A6FC9}.Debug|Any CPU.Build.0 = Debug|Any CPU
		{FC1FE780-431A-4FA9-BD87-26A3A05A6FC9}.Debug|x64.ActiveCfg = Debug|Any CPU
		{FC1FE780-431A-4FA9-BD87-26A3A05A6FC9}.Debug|x64.Build.0 = Debug|Any CPU
		{FC1FE780-431A-4FA9-BD87-26A3A05A6FC9}.Debug|x86.ActiveCfg = Debug|Any CPU
		{FC1FE780-431A-4FA9-BD87-26A3A05A6FC9}.Debug|x86.Build.0 = Debug|Any CPU
		{FC1FE780-431A-4FA9-BD87-26A3A05A6FC9}.Release|Any CPU.ActiveCfg = Release|Any CPU
		{FC1FE780-431A-4FA9-BD87-26A3A05A6FC9}.Release|Any CPU.Build.0 = Release|Any CPU
		{FC1FE780-431A-4FA9-BD87-26A3A05A6FC9}.Release|x64.ActiveCfg = Release|Any CPU
		{FC1FE780-431A-4FA9-BD87-26A3A05A6FC9}.Release|x64.Build.0 = Release|Any CPU
		{FC1FE780-431A-4FA9-BD87-26A3A05A6FC9}.Release|x86.ActiveCfg = Release|Any CPU
		{FC1FE780-431A-4FA9-BD87-26A3A05A6FC9}.Release|x86.Build.0 = Release|Any CPU
		{D932E458-F0C5-4495-BDAF-08CDD93E593A}.Debug|Any CPU.ActiveCfg = Debug|Any CPU
		{D932E458-F0C5-4495-BDAF-08CDD93E593A}.Debug|Any CPU.Build.0 = Debug|Any CPU
		{D932E458-F0C5-4495-BDAF-08CDD93E593A}.Debug|x64.ActiveCfg = Debug|Any CPU
		{D932E458-F0C5-4495-BDAF-08CDD93E593A}.Debug|x64.Build.0 = Debug|Any CPU
		{D932E458-F0C5-4495-BDAF-08CDD93E593A}.Debug|x86.ActiveCfg = Debug|Any CPU
		{D932E458-F0C5-4495-BDAF-08CDD93E593A}.Debug|x86.Build.0 = Debug|Any CPU
		{D932E458-F0C5-4495-BDAF-08CDD93E593A}.Release|Any CPU.ActiveCfg = Release|Any CPU
		{D932E458-F0C5-4495-BDAF-08CDD93E593A}.Release|Any CPU.Build.0 = Release|Any CPU
		{D932E458-F0C5-4495-BDAF-08CDD93E593A}.Release|x64.ActiveCfg = Release|Any CPU
		{D932E458-F0C5-4495-BDAF-08CDD93E593A}.Release|x64.Build.0 = Release|Any CPU
		{D932E458-F0C5-4495-BDAF-08CDD93E593A}.Release|x86.ActiveCfg = Release|Any CPU
		{D932E458-F0C5-4495-BDAF-08CDD93E593A}.Release|x86.Build.0 = Release|Any CPU
		{314691BB-044F-4627-B924-9190A4D00422}.Debug|Any CPU.ActiveCfg = Debug|Any CPU
		{314691BB-044F-4627-B924-9190A4D00422}.Debug|Any CPU.Build.0 = Debug|Any CPU
		{314691BB-044F-4627-B924-9190A4D00422}.Debug|x64.ActiveCfg = Debug|Any CPU
		{314691BB-044F-4627-B924-9190A4D00422}.Debug|x64.Build.0 = Debug|Any CPU
		{314691BB-044F-4627-B924-9190A4D00422}.Debug|x86.ActiveCfg = Debug|Any CPU
		{314691BB-044F-4627-B924-9190A4D00422}.Debug|x86.Build.0 = Debug|Any CPU
		{314691BB-044F-4627-B924-9190A4D00422}.Release|Any CPU.ActiveCfg = Release|Any CPU
		{314691BB-044F-4627-B924-9190A4D00422}.Release|Any CPU.Build.0 = Release|Any CPU
		{314691BB-044F-4627-B924-9190A4D00422}.Release|x64.ActiveCfg = Release|Any CPU
		{314691BB-044F-4627-B924-9190A4D00422}.Release|x64.Build.0 = Release|Any CPU
		{314691BB-044F-4627-B924-9190A4D00422}.Release|x86.ActiveCfg = Release|Any CPU
		{314691BB-044F-4627-B924-9190A4D00422}.Release|x86.Build.0 = Release|Any CPU
		{871428EC-5F8E-426A-AFCC-F9BF504ADEEF}.Debug|Any CPU.ActiveCfg = Debug|Any CPU
		{871428EC-5F8E-426A-AFCC-F9BF504ADEEF}.Debug|Any CPU.Build.0 = Debug|Any CPU
		{871428EC-5F8E-426A-AFCC-F9BF504ADEEF}.Debug|x64.ActiveCfg = Debug|Any CPU
		{871428EC-5F8E-426A-AFCC-F9BF504ADEEF}.Debug|x64.Build.0 = Debug|Any CPU
		{871428EC-5F8E-426A-AFCC-F9BF504ADEEF}.Debug|x86.ActiveCfg = Debug|Any CPU
		{871428EC-5F8E-426A-AFCC-F9BF504ADEEF}.Debug|x86.Build.0 = Debug|Any CPU
		{871428EC-5F8E-426A-AFCC-F9BF504ADEEF}.Release|Any CPU.ActiveCfg = Release|Any CPU
		{871428EC-5F8E-426A-AFCC-F9BF504ADEEF}.Release|Any CPU.Build.0 = Release|Any CPU
		{871428EC-5F8E-426A-AFCC-F9BF504ADEEF}.Release|x64.ActiveCfg = Release|Any CPU
		{871428EC-5F8E-426A-AFCC-F9BF504ADEEF}.Release|x64.Build.0 = Release|Any CPU
		{871428EC-5F8E-426A-AFCC-F9BF504ADEEF}.Release|x86.ActiveCfg = Release|Any CPU
		{871428EC-5F8E-426A-AFCC-F9BF504ADEEF}.Release|x86.Build.0 = Release|Any CPU
		{0083ABA5-7C9D-43BE-B048-006E8A7EB368}.Debug|Any CPU.ActiveCfg = Debug|Any CPU
		{0083ABA5-7C9D-43BE-B048-006E8A7EB368}.Debug|Any CPU.Build.0 = Debug|Any CPU
		{0083ABA5-7C9D-43BE-B048-006E8A7EB368}.Debug|x64.ActiveCfg = Debug|Any CPU
		{0083ABA5-7C9D-43BE-B048-006E8A7EB368}.Debug|x64.Build.0 = Debug|Any CPU
		{0083ABA5-7C9D-43BE-B048-006E8A7EB368}.Debug|x86.ActiveCfg = Debug|Any CPU
		{0083ABA5-7C9D-43BE-B048-006E8A7EB368}.Debug|x86.Build.0 = Debug|Any CPU
		{0083ABA5-7C9D-43BE-B048-006E8A7EB368}.Release|Any CPU.ActiveCfg = Release|Any CPU
		{0083ABA5-7C9D-43BE-B048-006E8A7EB368}.Release|Any CPU.Build.0 = Release|Any CPU
		{0083ABA5-7C9D-43BE-B048-006E8A7EB368}.Release|x64.ActiveCfg = Release|Any CPU
		{0083ABA5-7C9D-43BE-B048-006E8A7EB368}.Release|x64.Build.0 = Release|Any CPU
		{0083ABA5-7C9D-43BE-B048-006E8A7EB368}.Release|x86.ActiveCfg = Release|Any CPU
		{0083ABA5-7C9D-43BE-B048-006E8A7EB368}.Release|x86.Build.0 = Release|Any CPU
		{F7AE70E4-A71D-4C6A-9B13-2890BEBC058C}.Debug|Any CPU.ActiveCfg = Debug|Any CPU
		{F7AE70E4-A71D-4C6A-9B13-2890BEBC058C}.Debug|Any CPU.Build.0 = Debug|Any CPU
		{F7AE70E4-A71D-4C6A-9B13-2890BEBC058C}.Debug|x64.ActiveCfg = Debug|Any CPU
		{F7AE70E4-A71D-4C6A-9B13-2890BEBC058C}.Debug|x64.Build.0 = Debug|Any CPU
		{F7AE70E4-A71D-4C6A-9B13-2890BEBC058C}.Debug|x86.ActiveCfg = Debug|Any CPU
		{F7AE70E4-A71D-4C6A-9B13-2890BEBC058C}.Debug|x86.Build.0 = Debug|Any CPU
		{F7AE70E4-A71D-4C6A-9B13-2890BEBC058C}.Release|Any CPU.ActiveCfg = Release|Any CPU
		{F7AE70E4-A71D-4C6A-9B13-2890BEBC058C}.Release|Any CPU.Build.0 = Release|Any CPU
		{F7AE70E4-A71D-4C6A-9B13-2890BEBC058C}.Release|x64.ActiveCfg = Release|Any CPU
		{F7AE70E4-A71D-4C6A-9B13-2890BEBC058C}.Release|x64.Build.0 = Release|Any CPU
		{F7AE70E4-A71D-4C6A-9B13-2890BEBC058C}.Release|x86.ActiveCfg = Release|Any CPU
		{F7AE70E4-A71D-4C6A-9B13-2890BEBC058C}.Release|x86.Build.0 = Release|Any CPU
	EndGlobalSection
	GlobalSection(SolutionProperties) = preSolution
		HideSolutionNode = FALSE
	EndGlobalSection
	GlobalSection(NestedProjects) = preSolution
		{FC1FE780-431A-4FA9-BD87-26A3A05A6FC9} = {827E0CD3-B72D-47B6-A68D-7590B98EB39B}
		{D932E458-F0C5-4495-BDAF-08CDD93E593A} = {827E0CD3-B72D-47B6-A68D-7590B98EB39B}
		{314691BB-044F-4627-B924-9190A4D00422} = {827E0CD3-B72D-47B6-A68D-7590B98EB39B}
		{871428EC-5F8E-426A-AFCC-F9BF504ADEEF} = {827E0CD3-B72D-47B6-A68D-7590B98EB39B}
		{0083ABA5-7C9D-43BE-B048-006E8A7EB368} = {827E0CD3-B72D-47B6-A68D-7590B98EB39B}
		{F7AE70E4-A71D-4C6A-9B13-2890BEBC058C} = {0AB3BF05-4346-4AA6-1389-037BE0695223}
	EndGlobalSection
EndGlobal
